
Microsoft Visual Studio Solution File, Format Version 12.00
# Visual Studio 15
VisualStudioVersion = 15.0.27130.2010
MinimumVisualStudioVersion = 10.0.40219.1
Project("{FAE04EC0-301F-11D3-BF4B-00C04F79EFBC}") = "Hibernate!", "Hibernate!\Hibernate!.csproj", "{C6E0DB22-C923-4657-AFED-AEE46115F388}"
EndProject
Global
	GlobalSection(SolutionConfigurationPlatforms) = preSolution
		Debug|Any CPU = Debug|Any CPU
		Release|Any CPU = Release|Any CPU
	EndGlobalSection
	GlobalSection(ProjectConfigurationPlatforms) = postSolution
		{C6E0DB22-C923-4657-AFED-AEE46115F388}.Debug|Any CPU.ActiveCfg = Debug|Any CPU
		{C6E0DB22-C923-4657-AFED-AEE46115F388}.Debug|Any CPU.Build.0 = Debug|Any CPU
		{C6E0DB22-C923-4657-AFED-AEE46115F388}.Release|Any CPU.ActiveCfg = Release|Any CPU
		{C6E0DB22-C923-4657-AFED-AEE46115F388}.Release|Any CPU.Build.0 = Release|Any CPU
	EndGlobalSection
	GlobalSection(SolutionProperties) = preSolution
		HideSolutionNode = FALSE
	EndGlobalSection
	GlobalSection(ExtensibilityGlobals) = postSolution
		SolutionGuid = {738C568B-2E03-4751-9474-820C053AF091}
	EndGlobalSection
EndGlobal
